<?xml version="1.0" encoding="utf-8"?>
<Project ToolsVersion="4.0" xmlns="http://schemas.microsoft.com/developer/msbuild/2003">
  <ItemGroup>
    <Filter Include="IMGUI">
      <UniqueIdentifier>{ee0166f2-e995-46b0-aa98-f2f1fdd12d9d}</UniqueIdentifier>
    </Filter>
    <Filter Include="IMGUI\backends">
      <UniqueIdentifier>{73d3455c-090a-4a4f-abad-4aef4963207a}</UniqueIdentifier>
    </Filter>
    <Filter Include="Core">
      <UniqueIdentifier>{b5c15a8a-dd62-4273-ba31-5990dd08b0d5}</UniqueIdentifier>
    </Filter>
  </ItemGroup>
  <ItemGroup>
    <ClInclude Include="IMGUI\imconfig.h">
      <Filter>IMGUI</Filter>
    </ClInclude>
    <ClInclude Include="IMGUI\imgui.h">
      <Filter>IMGUI</Filter>
    </ClInclude>
    <ClInclude Include="IMGUI\imgui_internal.h">
      <Filter>IMGUI</Filter>
    </ClInclude>
    <ClInclude Include="IMGUI\imstb_rectpack.h">
      <Filter>IMGUI</Filter>
    </ClInclude>
    <ClInclude Include="IMGUI\imstb_textedit.h">
      <Filter>IMGUI</Filter>
    </ClInclude>
    <ClInclude Include="IMGUI\imstb_truetype.h">
      <Filter>IMGUI</Filter>
    </ClInclude>
    <ClInclude Include="IMGUI\backends\imgui_impl_dx11.h">
      <Filter>IMGUI\backends</Filter>
    </ClInclude>
    <ClInclude Include="IMGUI\backends\imgui_impl_win32.h">
      <Filter>IMGUI\backends</Filter>
    </ClInclude>
    <ClInclude Include="Core\main.h">
      <Filter>Core</Filter>
    </ClInclude>
    <ClInclude Include="Core\pickword.h">
      <Filter>Core</Filter>
    </ClInclude>
  </ItemGroup>
  <ItemGroup>
    <ClCompile Include="IMGUI\imgui.cpp">
      <Filter>IMGUI</Filter>
    </ClCompile>
    <ClCompile Include="IMGUI\imgui_demo.cpp">
      <Filter>IMGUI</Filter>
    </ClCompile>
    <ClCompile Include="IMGUI\imgui_draw.cpp">
      <Filter>IMGUI</Filter>
    </ClCompile>
    <ClCompile Include="IMGUI\imgui_tables.cpp">
      <Filter>IMGUI</Filter>
    </ClCompile>
    <ClCompile Include="IMGUI\imgui_widgets.cpp">
      <Filter>IMGUI</Filter>
    </ClCompile>
    <ClCompile Include="IMGUI\backends\imgui_impl_dx11.cpp">
      <Filter>IMGUI\backends</Filter>
    </ClCompile>
    <ClCompile Include="IMGUI\backends\imgui_impl_win32.cpp">
      <Filter>IMGUI\backends</Filter>
    </ClCompile>
    <ClCompile Include="Core\main.cpp">
      <Filter>Core</Filter>
    </ClCompile>
    <ClCompile Include="Core\pickword.cpp">
      <Filter>Core</Filter>
    </ClCompile>
  </ItemGroup>
</Project>